
Microsoft Visual Studio Solution File, Format Version 11.00
# Visual Studio 2010
Project("{FAE04EC0-301F-11D3-BF4B-00C04F79EFBC}") = "iBoard", "iBoard\iBoard.csproj", "{4A4DCA7A-45ED-400B-ADF6-8D1774BF32E8}"
EndProject
Project("{54435603-DBB4-11D2-8724-00A0C9A8B90C}") = "iBoardSetup", "iBoardSetup\iBoardSetup.vdproj", "{6E51E448-694F-4E74-A2B1-331A15BC8A31}"
EndProject
Global
	GlobalSection(SolutionConfigurationPlatforms) = preSolution
		Debug|x86 = Debug|x86
		Release|x86 = Release|x86
	EndGlobalSection
	GlobalSection(ProjectConfigurationPlatforms) = postSolution
		{4A4DCA7A-45ED-400B-ADF6-8D1774BF32E8}.Debug|x86.ActiveCfg = Debug|x86
		{4A4DCA7A-45ED-400B-ADF6-8D1774BF32E8}.Debug|x86.Build.0 = Debug|x86
		{4A4DCA7A-45ED-400B-ADF6-8D1774BF32E8}.Release|x86.ActiveCfg = Release|x86
		{4A4DCA7A-45ED-400B-ADF6-8D1774BF32E8}.Release|x86.Build.0 = Release|x86
		{6E51E448-694F-4E74-A2B1-331A15BC8A31}.Debug|x86.ActiveCfg = Debug
		{6E51E448-694F-4E74-A2B1-331A15BC8A31}.Release|x86.ActiveCfg = Release
	EndGlobalSection
	GlobalSection(SolutionProperties) = preSolution
		HideSolutionNode = FALSE
	EndGlobalSection
EndGlobal
